
Microsoft Visual Studio Solution File, Format Version 12.00
# Visual Studio Version 17
VisualStudioVersion = 17.2.32630.192
MinimumVisualStudioVersion = 10.0.40219.1
Project("{2150E333-8FDC-42A3-9474-1A3956D46DE8}") = "Applications", "Applications", "{D1BF6035-F677-4912-802D-0C81BA382425}"
EndProject
Project("{9A19103F-16F7-4668-BE54-9A1E7A4F7556}") = "Super.User.App", "Super.User.App\Super.User.App.csproj", "{99EB5EC4-CD59-42A0-AC55-FB945BC2FACD}"
EndProject
Project("{2150E333-8FDC-42A3-9474-1A3956D46DE8}") = "Super User Enterprise", "Super User Enterprise", "{8A328DDC-0810-489D-9D34-633DD8A81606}"
EndProject
Project("{2150E333-8FDC-42A3-9474-1A3956D46DE8}") = "Modules", "Modules", "{8CF534B2-37C0-4781-AA0E-457DBE5A4BAA}"
EndProject
Project("{9A19103F-16F7-4668-BE54-9A1E7A4F7556}") = "Super.User.Logger", "Super.User.Logger\Super.User.Logger.csproj", "{F1523808-B9E2-418B-B362-9776224F5A09}"
EndProject
Project("{9A19103F-16F7-4668-BE54-9A1E7A4F7556}") = "Super.User.Resources", "Super.User.Resources\Super.User.Resources.csproj", "{3003FE38-40A8-4288-86A9-9BE92AEE2BE8}"
EndProject
Project("{9A19103F-16F7-4668-BE54-9A1E7A4F7556}") = "Super.User.Infrastructure", "Super.User.Infrastructure\Super.User.Infrastructure.csproj", "{F55EEBED-4E76-4510-8B38-30ECFBAA692A}"
EndProject
Project("{9A19103F-16F7-4668-BE54-9A1E7A4F7556}") = "Super.User.Interfaces", "Super.User.Interfaces\Super.User.Interfaces.csproj", "{33C05F1E-341B-4586-B160-D7BD6F0B08AA}"
EndProject
Project("{9A19103F-16F7-4668-BE54-9A1E7A4F7556}") = "Super.User.Models", "Super.User.Models\Super.User.Models.csproj", "{47CEE19B-8CC8-4359-975D-146ADED1797B}"
EndProject
Project("{2150E333-8FDC-42A3-9474-1A3956D46DE8}") = "Super User Module", "Super User Module", "{6EBB5ED6-2B6B-4BED-A0FD-2176B09B0477}"
EndProject
Project("{9A19103F-16F7-4668-BE54-9A1E7A4F7556}") = "Super.User.Module", "Super.User.Module\Super.User.Module.csproj", "{D81C1ACB-3649-4936-91F3-FFC0242FE209}"
EndProject
Project("{9A19103F-16F7-4668-BE54-9A1E7A4F7556}") = "Super.User.Module.Interfaces", "Super.User.Module.Interfaces\Super.User.Module.Interfaces.csproj", "{C5FDA11B-985F-4A2C-96CC-5BF18776CF6A}"
EndProject
Project("{9A19103F-16F7-4668-BE54-9A1E7A4F7556}") = "Super.User.Module.Models", "Super.User.Module.Models\Super.User.Module.Models.csproj", "{DFA09CA9-96CE-4224-B9CB-CFECAAC57C4D}"
EndProject
Project("{2150E333-8FDC-42A3-9474-1A3956D46DE8}") = "Super User Render Module", "Super User Render Module", "{B70DC586-1F4F-4005-B019-FEB00BCFFD72}"
EndProject
Project("{9A19103F-16F7-4668-BE54-9A1E7A4F7556}") = "Super.User.Render.Module.Interfaces", "Super.User.Render.Module.Interfaces\Super.User.Render.Module.Interfaces.csproj", "{16A3A51F-D8B0-4E4C-9641-7BD530672422}"
EndProject
Project("{2150E333-8FDC-42A3-9474-1A3956D46DE8}") = "Super User Recording Module", "Super User Recording Module", "{EBD8CA83-A909-42A1-A028-582BA1D03837}"
EndProject
Project("{9A19103F-16F7-4668-BE54-9A1E7A4F7556}") = "Super.User.Render.Module", "Super.User.Render.Module\Super.User.Render.Module.csproj", "{743B111A-817F-41FD-AF50-3F3E104AA3A4}"
EndProject
Project("{2150E333-8FDC-42A3-9474-1A3956D46DE8}") = "Super User Log Module", "Super User Log Module", "{3E4FBE16-8867-42DE-BF55-D9D084C88764}"
EndProject
Project("{9A19103F-16F7-4668-BE54-9A1E7A4F7556}") = "Super.User.Log.Module", "Super.User.Log.Module\Super.User.Log.Module.csproj", "{E5F84AD6-3D3C-494B-B7B5-8005CDF5703A}"
EndProject
Project("{9A19103F-16F7-4668-BE54-9A1E7A4F7556}") = "Super.User.Log.Module.Interfaces", "Super.User.Log.Module.Interfaces\Super.User.Log.Module.Interfaces.csproj", "{7B4F5B67-FB01-413C-AA43-61D9B840B1D6}"
EndProject
Project("{9A19103F-16F7-4668-BE54-9A1E7A4F7556}") = "Super.User.Module.Infrastructure", "Super.User.Module.Infrastructure\Super.User.Module.Infrastructure.csproj", "{AAED5A4D-A01D-4191-83ED-D5C498AE63EF}"
EndProject
Project("{9A19103F-16F7-4668-BE54-9A1E7A4F7556}") = "Super.User.Module.Resources", "Super.User.Module.Resources\Super.User.Module.Resources.csproj", "{C848EA08-67E2-462E-81F3-62B0AD85D466}"
EndProject
Project("{2150E333-8FDC-42A3-9474-1A3956D46DE8}") = "Super User Render Catheter Module", "Super User Render Catheter Module", "{0E6FEEF4-83D3-4501-BBF2-50999AE48174}"
EndProject
Project("{9A19103F-16F7-4668-BE54-9A1E7A4F7556}") = "Super.User.Render.Catheter.Module", "Super.User.Render.Catheter.Module\Super.User.Render.Catheter.Module.csproj", "{C33A1A3D-4B5F-4992-9FF4-FBE1821B3384}"
EndProject
Project("{9A19103F-16F7-4668-BE54-9A1E7A4F7556}") = "Super.User.Render.Catheter.Module.Interfaces", "Super.User.Render.Catheter.Module.Interfaces\Super.User.Render.Catheter.Module.Interfaces.csproj", "{088744BF-D479-4693-912D-258602CC5368}"
EndProject
Global
	GlobalSection(SolutionConfigurationPlatforms) = preSolution
		Debug|Any CPU = Debug|Any CPU
		Release|Any CPU = Release|Any CPU
	EndGlobalSection
	GlobalSection(ProjectConfigurationPlatforms) = postSolution
		{99EB5EC4-CD59-42A0-AC55-FB945BC2FACD}.Debug|Any CPU.ActiveCfg = Debug|Any CPU
		{99EB5EC4-CD59-42A0-AC55-FB945BC2FACD}.Debug|Any CPU.Build.0 = Debug|Any CPU
		{99EB5EC4-CD59-42A0-AC55-FB945BC2FACD}.Release|Any CPU.ActiveCfg = Release|Any CPU
		{99EB5EC4-CD59-42A0-AC55-FB945BC2FACD}.Release|Any CPU.Build.0 = Release|Any CPU
		{F1523808-B9E2-418B-B362-9776224F5A09}.Debug|Any CPU.ActiveCfg = Debug|Any CPU
		{F1523808-B9E2-418B-B362-9776224F5A09}.Debug|Any CPU.Build.0 = Debug|Any CPU
		{F1523808-B9E2-418B-B362-9776224F5A09}.Release|Any CPU.ActiveCfg = Release|Any CPU
		{F1523808-B9E2-418B-B362-9776224F5A09}.Release|Any CPU.Build.0 = Release|Any CPU
		{3003FE38-40A8-4288-86A9-9BE92AEE2BE8}.Debug|Any CPU.ActiveCfg = Debug|Any CPU
		{3003FE38-40A8-4288-86A9-9BE92AEE2BE8}.Debug|Any CPU.Build.0 = Debug|Any CPU
		{3003FE38-40A8-4288-86A9-9BE92AEE2BE8}.Release|Any CPU.ActiveCfg = Release|Any CPU
		{3003FE38-40A8-4288-86A9-9BE92AEE2BE8}.Release|Any CPU.Build.0 = Release|Any CPU
		{F55EEBED-4E76-4510-8B38-30ECFBAA692A}.Debug|Any CPU.ActiveCfg = Debug|Any CPU
		{F55EEBED-4E76-4510-8B38-30ECFBAA692A}.Debug|Any CPU.Build.0 = Debug|Any CPU
		{F55EEBED-4E76-4510-8B38-30ECFBAA692A}.Release|Any CPU.ActiveCfg = Release|Any CPU
		{F55EEBED-4E76-4510-8B38-30ECFBAA692A}.Release|Any CPU.Build.0 = Release|Any CPU
		{33C05F1E-341B-4586-B160-D7BD6F0B08AA}.Debug|Any CPU.ActiveCfg = Debug|Any CPU
		{33C05F1E-341B-4586-B160-D7BD6F0B08AA}.Debug|Any CPU.Build.0 = Debug|Any CPU
		{33C05F1E-341B-4586-B160-D7BD6F0B08AA}.Release|Any CPU.ActiveCfg = Release|Any CPU
		{33C05F1E-341B-4586-B160-D7BD6F0B08AA}.Release|Any CPU.Build.0 = Release|Any CPU
		{47CEE19B-8CC8-4359-975D-146ADED1797B}.Debug|Any CPU.ActiveCfg = Debug|Any CPU
		{47CEE19B-8CC8-4359-975D-146ADED1797B}.Debug|Any CPU.Build.0 = Debug|Any CPU
		{47CEE19B-8CC8-4359-975D-146ADED1797B}.Release|Any CPU.ActiveCfg = Release|Any CPU
		{47CEE19B-8CC8-4359-975D-146ADED1797B}.Release|Any CPU.Build.0 = Release|Any CPU
		{D81C1ACB-3649-4936-91F3-FFC0242FE209}.Debug|Any CPU.ActiveCfg = Debug|Any CPU
		{D81C1ACB-3649-4936-91F3-FFC0242FE209}.Debug|Any CPU.Build.0 = Debug|Any CPU
		{D81C1ACB-3649-4936-91F3-FFC0242FE209}.Release|Any CPU.ActiveCfg = Release|Any CPU
		{D81C1ACB-3649-4936-91F3-FFC0242FE209}.Release|Any CPU.Build.0 = Release|Any CPU
		{C5FDA11B-985F-4A2C-96CC-5BF18776CF6A}.Debug|Any CPU.ActiveCfg = Debug|Any CPU
		{C5FDA11B-985F-4A2C-96CC-5BF18776CF6A}.Debug|Any CPU.Build.0 = Debug|Any CPU
		{C5FDA11B-985F-4A2C-96CC-5BF18776CF6A}.Release|Any CPU.ActiveCfg = Release|Any CPU
		{C5FDA11B-985F-4A2C-96CC-5BF18776CF6A}.Release|Any CPU.Build.0 = Release|Any CPU
		{DFA09CA9-96CE-4224-B9CB-CFECAAC57C4D}.Debug|Any CPU.ActiveCfg = Debug|Any CPU
		{DFA09CA9-96CE-4224-B9CB-CFECAAC57C4D}.Debug|Any CPU.Build.0 = Debug|Any CPU
		{DFA09CA9-96CE-4224-B9CB-CFECAAC57C4D}.Release|Any CPU.ActiveCfg = Release|Any CPU
		{DFA09CA9-96CE-4224-B9CB-CFECAAC57C4D}.Release|Any CPU.Build.0 = Release|Any CPU
		{16A3A51F-D8B0-4E4C-9641-7BD530672422}.Debug|Any CPU.ActiveCfg = Debug|Any CPU
		{16A3A51F-D8B0-4E4C-9641-7BD530672422}.Debug|Any CPU.Build.0 = Debug|Any CPU
		{16A3A51F-D8B0-4E4C-9641-7BD530672422}.Release|Any CPU.ActiveCfg = Release|Any CPU
		{16A3A51F-D8B0-4E4C-9641-7BD530672422}.Release|Any CPU.Build.0 = Release|Any CPU
		{743B111A-817F-41FD-AF50-3F3E104AA3A4}.Debug|Any CPU.ActiveCfg = Debug|Any CPU
		{743B111A-817F-41FD-AF50-3F3E104AA3A4}.Debug|Any CPU.Build.0 = Debug|Any CPU
		{743B111A-817F-41FD-AF50-3F3E104AA3A4}.Release|Any CPU.ActiveCfg = Release|Any CPU
		{743B111A-817F-41FD-AF50-3F3E104AA3A4}.Release|Any CPU.Build.0 = Release|Any CPU
		{E5F84AD6-3D3C-494B-B7B5-8005CDF5703A}.Debug|Any CPU.ActiveCfg = Debug|Any CPU
		{E5F84AD6-3D3C-494B-B7B5-8005CDF5703A}.Debug|Any CPU.Build.0 = Debug|Any CPU
		{E5F84AD6-3D3C-494B-B7B5-8005CDF5703A}.Release|Any CPU.ActiveCfg = Release|Any CPU
		{E5F84AD6-3D3C-494B-B7B5-8005CDF5703A}.Release|Any CPU.Build.0 = Release|Any CPU
		{7B4F5B67-FB01-413C-AA43-61D9B840B1D6}.Debug|Any CPU.ActiveCfg = Debug|Any CPU
		{7B4F5B67-FB01-413C-AA43-61D9B840B1D6}.Debug|Any CPU.Build.0 = Debug|Any CPU
		{7B4F5B67-FB01-413C-AA43-61D9B840B1D6}.Release|Any CPU.ActiveCfg = Release|Any CPU
		{7B4F5B67-FB01-413C-AA43-61D9B840B1D6}.Release|Any CPU.Build.0 = Release|Any CPU
		{AAED5A4D-A01D-4191-83ED-D5C498AE63EF}.Debug|Any CPU.ActiveCfg = Debug|Any CPU
		{AAED5A4D-A01D-4191-83ED-D5C498AE63EF}.Debug|Any CPU.Build.0 = Debug|Any CPU
		{AAED5A4D-A01D-4191-83ED-D5C498AE63EF}.Release|Any CPU.ActiveCfg = Release|Any CPU
		{AAED5A4D-A01D-4191-83ED-D5C498AE63EF}.Release|Any CPU.Build.0 = Release|Any CPU
		{C848EA08-67E2-462E-81F3-62B0AD85D466}.Debug|Any CPU.ActiveCfg = Debug|Any CPU
		{C848EA08-67E2-462E-81F3-62B0AD85D466}.Debug|Any CPU.Build.0 = Debug|Any CPU
		{C848EA08-67E2-462E-81F3-62B0AD85D466}.Release|Any CPU.ActiveCfg = Release|Any CPU
		{C848EA08-67E2-462E-81F3-62B0AD85D466}.Release|Any CPU.Build.0 = Release|Any CPU
		{C33A1A3D-4B5F-4992-9FF4-FBE1821B3384}.Debug|Any CPU.ActiveCfg = Debug|Any CPU
		{C33A1A3D-4B5F-4992-9FF4-FBE1821B3384}.Debug|Any CPU.Build.0 = Debug|Any CPU
		{C33A1A3D-4B5F-4992-9FF4-FBE1821B3384}.Release|Any CPU.ActiveCfg = Release|Any CPU
		{C33A1A3D-4B5F-4992-9FF4-FBE1821B3384}.Release|Any CPU.Build.0 = Release|Any CPU
		{088744BF-D479-4693-912D-258602CC5368}.Debug|Any CPU.ActiveCfg = Debug|Any CPU
		{088744BF-D479-4693-912D-258602CC5368}.Debug|Any CPU.Build.0 = Debug|Any CPU
		{088744BF-D479-4693-912D-258602CC5368}.Release|Any CPU.ActiveCfg = Release|Any CPU
		{088744BF-D479-4693-912D-258602CC5368}.Release|Any CPU.Build.0 = Release|Any CPU
	EndGlobalSection
	GlobalSection(SolutionProperties) = preSolution
		HideSolutionNode = FALSE
	EndGlobalSection
	GlobalSection(NestedProjects) = preSolution
		{99EB5EC4-CD59-42A0-AC55-FB945BC2FACD} = {D1BF6035-F677-4912-802D-0C81BA382425}
		{F1523808-B9E2-418B-B362-9776224F5A09} = {8A328DDC-0810-489D-9D34-633DD8A81606}
		{3003FE38-40A8-4288-86A9-9BE92AEE2BE8} = {8A328DDC-0810-489D-9D34-633DD8A81606}
		{F55EEBED-4E76-4510-8B38-30ECFBAA692A} = {8A328DDC-0810-489D-9D34-633DD8A81606}
		{33C05F1E-341B-4586-B160-D7BD6F0B08AA} = {8A328DDC-0810-489D-9D34-633DD8A81606}
		{47CEE19B-8CC8-4359-975D-146ADED1797B} = {8A328DDC-0810-489D-9D34-633DD8A81606}
		{6EBB5ED6-2B6B-4BED-A0FD-2176B09B0477} = {8CF534B2-37C0-4781-AA0E-457DBE5A4BAA}
		{D81C1ACB-3649-4936-91F3-FFC0242FE209} = {6EBB5ED6-2B6B-4BED-A0FD-2176B09B0477}
		{C5FDA11B-985F-4A2C-96CC-5BF18776CF6A} = {6EBB5ED6-2B6B-4BED-A0FD-2176B09B0477}
		{DFA09CA9-96CE-4224-B9CB-CFECAAC57C4D} = {6EBB5ED6-2B6B-4BED-A0FD-2176B09B0477}
		{B70DC586-1F4F-4005-B019-FEB00BCFFD72} = {8CF534B2-37C0-4781-AA0E-457DBE5A4BAA}
		{16A3A51F-D8B0-4E4C-9641-7BD530672422} = {B70DC586-1F4F-4005-B019-FEB00BCFFD72}
		{EBD8CA83-A909-42A1-A028-582BA1D03837} = {8CF534B2-37C0-4781-AA0E-457DBE5A4BAA}
		{743B111A-817F-41FD-AF50-3F3E104AA3A4} = {B70DC586-1F4F-4005-B019-FEB00BCFFD72}
		{3E4FBE16-8867-42DE-BF55-D9D084C88764} = {8CF534B2-37C0-4781-AA0E-457DBE5A4BAA}
		{E5F84AD6-3D3C-494B-B7B5-8005CDF5703A} = {3E4FBE16-8867-42DE-BF55-D9D084C88764}
		{7B4F5B67-FB01-413C-AA43-61D9B840B1D6} = {3E4FBE16-8867-42DE-BF55-D9D084C88764}
		{AAED5A4D-A01D-4191-83ED-D5C498AE63EF} = {6EBB5ED6-2B6B-4BED-A0FD-2176B09B0477}
		{C848EA08-67E2-462E-81F3-62B0AD85D466} = {6EBB5ED6-2B6B-4BED-A0FD-2176B09B0477}
		{0E6FEEF4-83D3-4501-BBF2-50999AE48174} = {8CF534B2-37C0-4781-AA0E-457DBE5A4BAA}
		{C33A1A3D-4B5F-4992-9FF4-FBE1821B3384} = {0E6FEEF4-83D3-4501-BBF2-50999AE48174}
		{088744BF-D479-4693-912D-258602CC5368} = {0E6FEEF4-83D3-4501-BBF2-50999AE48174}
	EndGlobalSection
	GlobalSection(ExtensibilityGlobals) = postSolution
		SolutionGuid = {58A0110F-B2AC-4976-8130-F9F6FF882A0F}
	EndGlobalSection
EndGlobal
